github.com/Lofanmi/pinyin-golang v0.0.0-20180808030053-30cdbfc8c2de h1:+pWj/axYf1h9UR9KgUZypf4Gh9L3w2RBqdGwxZKp5lo=
github.com/Lofanmi/pinyin-golang v0.0.0-20180808030053-30cdbfc8c2de/go.mod h1:J7A5UW8HA8b8lsEO/OshykiGGfmdQEnbDE53D23JsXE=
github.com/ecooper/combinatoric v0.0.0-20160608140635-16ea83278464 h1:eJyT0g2W6hdeDcs1gwdOx7V9kquQN1gGr4piO2YM3a0=
github.com/ecooper/combinatoric v0.0.0-20160608140635-16ea83278464/go.mod h1:6mBmaR9bUzb+oLttf779zFN1WlY1L2f2RrZaq+vnh6M=
github.com/ernestosuarez/itertools v0.0.0-20160926002703-030494752e01 h1:VAeaz5nbRLAgz4AGE3eC13gymeXfz4JJx6hdV8YUegQ=
github.com/ernestosuarez/itertools v0.0.0-20160926002703-030494752e01/go.mod h1:WzH8PFd6m6UcRNbYXLAjgjyvwE5EqBKwTYosDoUDG/Q=
github.com/json-iterator/go v1.1.5 h1:gL2yXlmiIo4+t+y32d4WGwOjKGYcGOuyrg46vadswDE=
github.com/json-iterator/go v1.1.5/go.mod h1:+SdeFBvtyEkXs7REEP0seUULqWtbJapLOCVDaaPEHmU=
github.com/kardianos/osext v0.0.0-20190222173326-2bc1f35cddc0 h1:iQTw/8FWTuc7uiaSepXwyf3o52HaUYcV+Tu66S3F5GA=
github.com/kardianos/osext v0.0.0-20190222173326-2bc1f35cddc0/go.mod h1:1NbS8ALrpOvjt0rHPNLyCIeMtbizbir8U//inJ+zuB8=
github.com/mattn/go-runewidth v0.0.3 h1:a+kO+98RDGEfo6asOGMmpodZq4FNtnGP54yps8BzLR4=
github.com/mattn/go-runewidth v0.0.3/go.mod h1:LwmH8dsx7+W8Uxz3IHJYH5QSwggIsqBzpuz5H//U1FU=
github.com/modern-go/concurrent v0.0.0-20180306012644-bacd9c7ef1dd h1:TRLaZ9cD/w8PVh93nsPXa1VrQ6jlwL5oN8l14QlcNfg=
github.com/modern-go/concurrent v0.0.0-20180306012644-bacd9c7ef1dd/go.mod h1:6dJC0mAP4ikYIbvyc7fijjWJddQyLn8Ig3JB5CqoB9Q=
github.com/modern-go/reflect2 v1.0.1 h1:9f412s+6RmYXLWZSEzVVgPGK7C2PphHj5RJrvfx9AWI=
github.com/modern-go/reflect2 v1.0.1/go.mod h1:bx2lNnkwVCuqBIxFjflWJWanXIb3RllmbCylyMrvgv0=
github.com/nosixtools/solarlunar v0.0.0-20170821083946-832f6f39411c h1:2twSFUod6DinOPqefsBhIjImIxOMkfuHMEtYADvLogs=
github.com/nosixtools/solarlunar v0.0.0-20170821083946-832f6f39411c/go.mod h1:FvCVagF2f2T/i1f+zBUJF/t5hK8Z264zMNzdgJSNAps=
github.com/olekukonko/tablewriter v0.0.1 h1:b3iUnf1v+ppJiOfNX4yxxqfWKMQPZR5yoh8urCTFX88=
github.com/olekukonko/tablewriter v0.0.1/go.mod h1:vsDQFd/mU46D+Z4whnwzcISnGGzXWMclvtLoiIKAKIo=
github.com/peterh/liner v1.1.0 h1:f+aAedNJA6uk7+6rXsYBnhdo4Xux7ESLe+kcuVUF5os=
github.com/peterh/liner v1.1.0/go.mod h1:CRroGNssyjTd/qIG2FyxByd2S8JEAZXBl4qUrZf8GS0=
github.com/urfave/cli v1.20.0 h1:fDqGv3UG/4jbVl/QkFwEdddtEDjh/5Ov6X+0B/3bPaw=
github.com/urfave/cli v1.20.0/go.mod h1:70zkFmudgCuE/ngEzBv17Jvp/497gISqfk5gWijbERA=
github.com/ziiber/go-logging v1.0.0 h1:ne356qCYEI1y5QiP1LeT5yMZ2eRsRB1laeFcBnHsT3c=
github.com/ziiber/go-logging v1.0.0/go.mod h1:8tWQAzRBxB1mrYb/6vfJhdpmmRA80J+pbTQQfkCWGZE=
